
Microsoft Visual Studio Solution File, Format Version 12.00
# Visual Studio Version 16
VisualStudioVersion = 16.0.31702.278
MinimumVisualStudioVersion = 10.0.40219.1
Project("{FAE04EC0-301F-11D3-BF4B-00C04F79EFBC}") = "Footbal Manager", "Footbal Manager\Footbal Manager.csproj", "{DF27F599-8AF8-42D5-A5BA-4263695C6F40}"
EndProject
Global
	GlobalSection(SolutionConfigurationPlatforms) = preSolution
		Debug|Any CPU = Debug|Any CPU
		Release|Any CPU = Release|Any CPU
	EndGlobalSection
	GlobalSection(ProjectConfigurationPlatforms) = postSolution
		{DF27F599-8AF8-42D5-A5BA-4263695C6F40}.Debug|Any CPU.ActiveCfg = Debug|Any CPU
		{DF27F599-8AF8-42D5-A5BA-4263695C6F40}.Debug|Any CPU.Build.0 = Debug|Any CPU
		{DF27F599-8AF8-42D5-A5BA-4263695C6F40}.Release|Any CPU.ActiveCfg = Release|Any CPU
		{DF27F599-8AF8-42D5-A5BA-4263695C6F40}.Release|Any CPU.Build.0 = Release|Any CPU
	EndGlobalSection
	GlobalSection(SolutionProperties) = preSolution
		HideSolutionNode = FALSE
	EndGlobalSection
	GlobalSection(ExtensibilityGlobals) = postSolution
		SolutionGuid = {7D403F04-809D-4B40-9699-26237DE8EBC7}
	EndGlobalSection
EndGlobal
